
Microsoft Visual Studio Solution File, Format Version 12.00
# Visual Studio Version 17
VisualStudioVersion = 17.6.33815.320
MinimumVisualStudioVersion = 10.0.40219.1
Project("{F184B08F-C81C-45F6-A57F-5ABD9991F28F}") = "ytdown", "ytdown\ytdown.vbproj", "{B7D2594D-A189-4409-A337-484682F858F3}"
EndProject
Global
	GlobalSection(SolutionConfigurationPlatforms) = preSolution
		Debug|Any CPU = Debug|Any CPU
		Release|Any CPU = Release|Any CPU
	EndGlobalSection
	GlobalSection(ProjectConfigurationPlatforms) = postSolution
		{B7D2594D-A189-4409-A337-484682F858F3}.Debug|Any CPU.ActiveCfg = Debug|Any CPU
		{B7D2594D-A189-4409-A337-484682F858F3}.Debug|Any CPU.Build.0 = Debug|Any CPU
		{B7D2594D-A189-4409-A337-484682F858F3}.Release|Any CPU.ActiveCfg = Release|Any CPU
		{B7D2594D-A189-4409-A337-484682F858F3}.Release|Any CPU.Build.0 = Release|Any CPU
	EndGlobalSection
	GlobalSection(SolutionProperties) = preSolution
		HideSolutionNode = FALSE
	EndGlobalSection
	GlobalSection(ExtensibilityGlobals) = postSolution
		SolutionGuid = {7FC902E0-C4B4-4C3F-8F16-9DA15E81EE83}
	EndGlobalSection
EndGlobal
